// !$*UTF8*$!
{
	archiveVersion = 1;
	classes = {
	};
	objectVersion = 50;
	objects = {

/* Begin PBXBuildFile section */
		180A042B23F5B5E8004C56C6 /* Baskmart.h in Headers */ = {isa = PBXBuildFile; fileRef = 180A042923F5B5E8004C56C6 /* Baskmart.h */; settings = {ATTRIBUTES = (Public, ); }; };
		180A043323F5B626004C56C6 /* Constants.swift in Sources */ = {isa = PBXBuildFile; fileRef = 180A043223F5B626004C56C6 /* Constants.swift */; };
		180A043523F5B62C004C56C6 /* Functions.swift in Sources */ = {isa = PBXBuildFile; fileRef = 180A043423F5B62C004C56C6 /* Functions.swift */; };
		180A043823F5B65E004C56C6 /* WebServiceWrapper.swift in Sources */ = {isa = PBXBuildFile; fileRef = 180A043723F5B65E004C56C6 /* WebServiceWrapper.swift */; };
		180A043B23F5C3BC004C56C6 /* LoginModel.swift in Sources */ = {isa = PBXBuildFile; fileRef = 180A043A23F5C3BC004C56C6 /* LoginModel.swift */; };
		180A043D23F5C4BE004C56C6 /* Configuration.swift in Sources */ = {isa = PBXBuildFile; fileRef = 180A043C23F5C4BE004C56C6 /* Configuration.swift */; };
		180A044723F5CBF7004C56C6 /* BaskmartApi.swift in Sources */ = {isa = PBXBuildFile; fileRef = 180A044623F5CBF7004C56C6 /* BaskmartApi.swift */; };
		180A044A23F5CCA2004C56C6 /* LoginModule.swift in Sources */ = {isa = PBXBuildFile; fileRef = 180A044923F5CCA2004C56C6 /* LoginModule.swift */; };
		1868090123FFA96F00EED435 /* SubscriptionModule.swift in Sources */ = {isa = PBXBuildFile; fileRef = 1868090023FFA96F00EED435 /* SubscriptionModule.swift */; };
		1868090323FFA9BC00EED435 /* MySubscriptionModule.swift in Sources */ = {isa = PBXBuildFile; fileRef = 1868090223FFA9BC00EED435 /* MySubscriptionModule.swift */; };
		18BD8A2523FD002B009E2BA5 /* SignUpModule.swift in Sources */ = {isa = PBXBuildFile; fileRef = 18BD8A2423FD002B009E2BA5 /* SignUpModule.swift */; };
		18BD8A2723FD0587009E2BA5 /* UserModule.swift in Sources */ = {isa = PBXBuildFile; fileRef = 18BD8A2623FD0587009E2BA5 /* UserModule.swift */; };
		18BD8A2B23FD09E8009E2BA5 /* DeliveryModel.swift in Sources */ = {isa = PBXBuildFile; fileRef = 18BD8A2A23FD09E8009E2BA5 /* DeliveryModel.swift */; };
		18BD8A2D23FD09FB009E2BA5 /* ProductCategoryModel.swift in Sources */ = {isa = PBXBuildFile; fileRef = 18BD8A2C23FD09FB009E2BA5 /* ProductCategoryModel.swift */; };
		18BD8A2F23FD0A5D009E2BA5 /* PaymentModel.swift in Sources */ = {isa = PBXBuildFile; fileRef = 18BD8A2E23FD0A5D009E2BA5 /* PaymentModel.swift */; };
		18BD8A3123FD0A62009E2BA5 /* OrderSummaryModel.swift in Sources */ = {isa = PBXBuildFile; fileRef = 18BD8A3023FD0A62009E2BA5 /* OrderSummaryModel.swift */; };
		18BD8A3323FD0A67009E2BA5 /* TrackOrderModel.swift in Sources */ = {isa = PBXBuildFile; fileRef = 18BD8A3223FD0A67009E2BA5 /* TrackOrderModel.swift */; };
		18BD8A3523FD0A76009E2BA5 /* ProductsModel.swift in Sources */ = {isa = PBXBuildFile; fileRef = 18BD8A3423FD0A76009E2BA5 /* ProductsModel.swift */; };
		18BD8A3723FD0A7C009E2BA5 /* CartModel.swift in Sources */ = {isa = PBXBuildFile; fileRef = 18BD8A3623FD0A7C009E2BA5 /* CartModel.swift */; };
		18BD8A3923FD0A89009E2BA5 /* MySubscriptionModel.swift in Sources */ = {isa = PBXBuildFile; fileRef = 18BD8A3823FD0A89009E2BA5 /* MySubscriptionModel.swift */; };
		18BD8A3B23FD0A8F009E2BA5 /* SubscriptionModel.swift in Sources */ = {isa = PBXBuildFile; fileRef = 18BD8A3A23FD0A8F009E2BA5 /* SubscriptionModel.swift */; };
		18BD8A3D23FD0AA0009E2BA5 /* SliderModel.swift in Sources */ = {isa = PBXBuildFile; fileRef = 18BD8A3C23FD0AA0009E2BA5 /* SliderModel.swift */; };
		18BD8A3F23FD0BBA009E2BA5 /* CustomerPaymentModel.swift in Sources */ = {isa = PBXBuildFile; fileRef = 18BD8A3E23FD0BBA009E2BA5 /* CustomerPaymentModel.swift */; };
		18BD8A4723FD270A009E2BA5 /* ProductModule.swift in Sources */ = {isa = PBXBuildFile; fileRef = 18BD8A4623FD270A009E2BA5 /* ProductModule.swift */; };
		18BD8A4923FE4C1B009E2BA5 /* SlotModule.swift in Sources */ = {isa = PBXBuildFile; fileRef = 18BD8A4823FE4C1B009E2BA5 /* SlotModule.swift */; };
		18BD8A4B23FE4C47009E2BA5 /* CartModule.swift in Sources */ = {isa = PBXBuildFile; fileRef = 18BD8A4A23FE4C47009E2BA5 /* CartModule.swift */; };
		18BD8A4D23FE4C90009E2BA5 /* PaymentModule.swift in Sources */ = {isa = PBXBuildFile; fileRef = 18BD8A4C23FE4C90009E2BA5 /* PaymentModule.swift */; };
		18BD8A5123FE86C3009E2BA5 /* OrderModule.swift in Sources */ = {isa = PBXBuildFile; fileRef = 18BD8A5023FE86C3009E2BA5 /* OrderModule.swift */; };
/* End PBXBuildFile section */

/* Begin PBXFileReference section */
		180A042623F5B5E8004C56C6 /* Baskmart.framework */ = {isa = PBXFileReference; explicitFileType = wrapper.framework; includeInIndex = 0; path = Baskmart.framework; sourceTree = BUILT_PRODUCTS_DIR; };
		180A042923F5B5E8004C56C6 /* Baskmart.h */ = {isa = PBXFileReference; lastKnownFileType = sourcecode.c.h; path = Baskmart.h; sourceTree = "<group>"; };
		180A042A23F5B5E8004C56C6 /* Info.plist */ = {isa = PBXFileReference; lastKnownFileType = text.plist.xml; path = Info.plist; sourceTree = "<group>"; };
		180A043223F5B626004C56C6 /* Constants.swift */ = {isa = PBXFileReference; fileEncoding = 4; lastKnownFileType = sourcecode.swift; path = Constants.swift; sourceTree = "<group>"; };
		180A043423F5B62C004C56C6 /* Functions.swift */ = {isa = PBXFileReference; fileEncoding = 4; lastKnownFileType = sourcecode.swift; path = Functions.swift; sourceTree = "<group>"; };
		180A043723F5B65E004C56C6 /* WebServiceWrapper.swift */ = {isa = PBXFileReference; fileEncoding = 4; lastKnownFileType = sourcecode.swift; path = WebServiceWrapper.swift; sourceTree = "<group>"; };
		180A043A23F5C3BC004C56C6 /* LoginModel.swift */ = {isa = PBXFileReference; lastKnownFileType = sourcecode.swift; path = LoginModel.swift; sourceTree = "<group>"; };
		180A043C23F5C4BE004C56C6 /* Configuration.swift */ = {isa = PBXFileReference; fileEncoding = 4; lastKnownFileType = sourcecode.swift; path = Configuration.swift; sourceTree = "<group>"; };
		180A044623F5CBF7004C56C6 /* BaskmartApi.swift */ = {isa = PBXFileReference; fileEncoding = 4; lastKnownFileType = sourcecode.swift; path = BaskmartApi.swift; sourceTree = "<group>"; };
		180A044923F5CCA2004C56C6 /* LoginModule.swift */ = {isa = PBXFileReference; lastKnownFileType = sourcecode.swift; path = LoginModule.swift; sourceTree = "<group>"; };
		1868090023FFA96F00EED435 /* SubscriptionModule.swift */ = {isa = PBXFileReference; lastKnownFileType = sourcecode.swift; path = SubscriptionModule.swift; sourceTree = "<group>"; };
		1868090223FFA9BC00EED435 /* MySubscriptionModule.swift */ = {isa = PBXFileReference; lastKnownFileType = sourcecode.swift; path = MySubscriptionModule.swift; sourceTree = "<group>"; };
		18BD8A2423FD002B009E2BA5 /* SignUpModule.swift */ = {isa = PBXFileReference; lastKnownFileType = sourcecode.swift; path = SignUpModule.swift; sourceTree = "<group>"; };
		18BD8A2623FD0587009E2BA5 /* UserModule.swift */ = {isa = PBXFileReference; lastKnownFileType = sourcecode.swift; path = UserModule.swift; sourceTree = "<group>"; };
		18BD8A2A23FD09E8009E2BA5 /* DeliveryModel.swift */ = {isa = PBXFileReference; fileEncoding = 4; lastKnownFileType = sourcecode.swift; path = DeliveryModel.swift; sourceTree = "<group>"; };
		18BD8A2C23FD09FB009E2BA5 /* ProductCategoryModel.swift */ = {isa = PBXFileReference; fileEncoding = 4; lastKnownFileType = sourcecode.swift; path = ProductCategoryModel.swift; sourceTree = "<group>"; };
		18BD8A2E23FD0A5D009E2BA5 /* PaymentModel.swift */ = {isa = PBXFileReference; fileEncoding = 4; lastKnownFileType = sourcecode.swift; path = PaymentModel.swift; sourceTree = "<group>"; };
		18BD8A3023FD0A62009E2BA5 /* OrderSummaryModel.swift */ = {isa = PBXFileReference; fileEncoding = 4; lastKnownFileType = sourcecode.swift; path = OrderSummaryModel.swift; sourceTree = "<group>"; };
		18BD8A3223FD0A67009E2BA5 /* TrackOrderModel.swift */ = {isa = PBXFileReference; fileEncoding = 4; lastKnownFileType = sourcecode.swift; path = TrackOrderModel.swift; sourceTree = "<group>"; };
		18BD8A3423FD0A76009E2BA5 /* ProductsModel.swift */ = {isa = PBXFileReference; fileEncoding = 4; lastKnownFileType = sourcecode.swift; path = ProductsModel.swift; sourceTree = "<group>"; };
		18BD8A3623FD0A7C009E2BA5 /* CartModel.swift */ = {isa = PBXFileReference; fileEncoding = 4; lastKnownFileType = sourcecode.swift; path = CartModel.swift; sourceTree = "<group>"; };
		18BD8A3823FD0A89009E2BA5 /* MySubscriptionModel.swift */ = {isa = PBXFileReference; fileEncoding = 4; lastKnownFileType = sourcecode.swift; path = MySubscriptionModel.swift; sourceTree = "<group>"; };
		18BD8A3A23FD0A8F009E2BA5 /* SubscriptionModel.swift */ = {isa = PBXFileReference; fileEncoding = 4; lastKnownFileType = sourcecode.swift; path = SubscriptionModel.swift; sourceTree = "<group>"; };
		18BD8A3C23FD0AA0009E2BA5 /* SliderModel.swift */ = {isa = PBXFileReference; fileEncoding = 4; lastKnownFileType = sourcecode.swift; path = SliderModel.swift; sourceTree = "<group>"; };
		18BD8A3E23FD0BBA009E2BA5 /* CustomerPaymentModel.swift */ = {isa = PBXFileReference; fileEncoding = 4; lastKnownFileType = sourcecode.swift; path = CustomerPaymentModel.swift; sourceTree = "<group>"; };
		18BD8A4623FD270A009E2BA5 /* ProductModule.swift */ = {isa = PBXFileReference; lastKnownFileType = sourcecode.swift; path = ProductModule.swift; sourceTree = "<group>"; };
		18BD8A4823FE4C1B009E2BA5 /* SlotModule.swift */ = {isa = PBXFileReference; lastKnownFileType = sourcecode.swift; path = SlotModule.swift; sourceTree = "<group>"; };
		18BD8A4A23FE4C47009E2BA5 /* CartModule.swift */ = {isa = PBXFileReference; lastKnownFileType = sourcecode.swift; path = CartModule.swift; sourceTree = "<group>"; };
		18BD8A4C23FE4C90009E2BA5 /* PaymentModule.swift */ = {isa = PBXFileReference; lastKnownFileType = sourcecode.swift; path = PaymentModule.swift; sourceTree = "<group>"; };
		18BD8A5023FE86C3009E2BA5 /* OrderModule.swift */ = {isa = PBXFileReference; lastKnownFileType = sourcecode.swift; path = OrderModule.swift; sourceTree = "<group>"; };
/* End PBXFileReference section */

/* Begin PBXFrameworksBuildPhase section */
		180A042323F5B5E8004C56C6 /* Frameworks */ = {
			isa = PBXFrameworksBuildPhase;
			buildActionMask = 2147483647;
			files = (
			);
			runOnlyForDeploymentPostprocessing = 0;
		};
/* End PBXFrameworksBuildPhase section */

/* Begin PBXGroup section */
		180A041C23F5B5E8004C56C6 = {
			isa = PBXGroup;
			children = (
				180A042823F5B5E8004C56C6 /* Baskmart */,
				180A042723F5B5E8004C56C6 /* Products */,
			);
			sourceTree = "<group>";
		};
		180A042723F5B5E8004C56C6 /* Products */ = {
			isa = PBXGroup;
			children = (
				180A042623F5B5E8004C56C6 /* Baskmart.framework */,
			);
			name = Products;
			sourceTree = "<group>";
		};
		180A042823F5B5E8004C56C6 /* Baskmart */ = {
			isa = PBXGroup;
			children = (
				180A044823F5CC91004C56C6 /* Modules */,
				180A043923F5C3AB004C56C6 /* Models */,
				180A043623F5B652004C56C6 /* Webservices */,
				180A043123F5B613004C56C6 /* Common */,
				180A043C23F5C4BE004C56C6 /* Configuration.swift */,
				180A044623F5CBF7004C56C6 /* BaskmartApi.swift */,
				180A042923F5B5E8004C56C6 /* Baskmart.h */,
				180A042A23F5B5E8004C56C6 /* Info.plist */,
			);
			path = Baskmart;
			sourceTree = "<group>";
		};
		180A043123F5B613004C56C6 /* Common */ = {
			isa = PBXGroup;
			children = (
				180A043223F5B626004C56C6 /* Constants.swift */,
				180A043423F5B62C004C56C6 /* Functions.swift */,
			);
			path = Common;
			sourceTree = "<group>";
		};
		180A043623F5B652004C56C6 /* Webservices */ = {
			isa = PBXGroup;
			children = (
				180A043723F5B65E004C56C6 /* WebServiceWrapper.swift */,
			);
			path = Webservices;
			sourceTree = "<group>";
		};
		180A043923F5C3AB004C56C6 /* Models */ = {
			isa = PBXGroup;
			children = (
				180A043A23F5C3BC004C56C6 /* LoginModel.swift */,
				18BD8A3C23FD0AA0009E2BA5 /* SliderModel.swift */,
				18BD8A2A23FD09E8009E2BA5 /* DeliveryModel.swift */,
				18BD8A2C23FD09FB009E2BA5 /* ProductCategoryModel.swift */,
				18BD8A2E23FD0A5D009E2BA5 /* PaymentModel.swift */,
				18BD8A3023FD0A62009E2BA5 /* OrderSummaryModel.swift */,
				18BD8A3223FD0A67009E2BA5 /* TrackOrderModel.swift */,
				18BD8A3423FD0A76009E2BA5 /* ProductsModel.swift */,
				18BD8A3623FD0A7C009E2BA5 /* CartModel.swift */,
				18BD8A3823FD0A89009E2BA5 /* MySubscriptionModel.swift */,
				18BD8A3A23FD0A8F009E2BA5 /* SubscriptionModel.swift */,
				18BD8A3E23FD0BBA009E2BA5 /* CustomerPaymentModel.swift */,
			);
			path = Models;
			sourceTree = "<group>";
		};
		180A044823F5CC91004C56C6 /* Modules */ = {
			isa = PBXGroup;
			children = (
				180A044923F5CCA2004C56C6 /* LoginModule.swift */,
				18BD8A2423FD002B009E2BA5 /* SignUpModule.swift */,
				18BD8A2623FD0587009E2BA5 /* UserModule.swift */,
				18BD8A4623FD270A009E2BA5 /* ProductModule.swift */,
				18BD8A4823FE4C1B009E2BA5 /* SlotModule.swift */,
				18BD8A4A23FE4C47009E2BA5 /* CartModule.swift */,
				18BD8A4C23FE4C90009E2BA5 /* PaymentModule.swift */,
				18BD8A5023FE86C3009E2BA5 /* OrderModule.swift */,
				1868090023FFA96F00EED435 /* SubscriptionModule.swift */,
				1868090223FFA9BC00EED435 /* MySubscriptionModule.swift */,
			);
			path = Modules;
			sourceTree = "<group>";
		};
/* End PBXGroup section */

/* Begin PBXHeadersBuildPhase section */
		180A042123F5B5E8004C56C6 /* Headers */ = {
			isa = PBXHeadersBuildPhase;
			buildActionMask = 2147483647;
			files = (
				180A042B23F5B5E8004C56C6 /* Baskmart.h in Headers */,
			);
			runOnlyForDeploymentPostprocessing = 0;
		};
/* End PBXHeadersBuildPhase section */

/* Begin PBXNativeTarget section */
		180A042523F5B5E8004C56C6 /* Baskmart */ = {
			isa = PBXNativeTarget;
			buildConfigurationList = 180A042E23F5B5E8004C56C6 /* Build configuration list for PBXNativeTarget "Baskmart" */;
			buildPhases = (
				180A042123F5B5E8004C56C6 /* Headers */,
				180A042223F5B5E8004C56C6 /* Sources */,
				180A042323F5B5E8004C56C6 /* Frameworks */,
				180A042423F5B5E8004C56C6 /* Resources */,
			);
			buildRules = (
			);
			dependencies = (
			);
			name = Baskmart;
			productName = Baskmart;
			productReference = 180A042623F5B5E8004C56C6 /* Baskmart.framework */;
			productType = "com.apple.product-type.framework";
		};
/* End PBXNativeTarget section */

/* Begin PBXProject section */
		180A041D23F5B5E8004C56C6 /* Project object */ = {
			isa = PBXProject;
			attributes = {
				LastUpgradeCheck = 1130;
				ORGANIZATIONNAME = Zuper;
				TargetAttributes = {
					180A042523F5B5E8004C56C6 = {
						CreatedOnToolsVersion = 11.3.1;
						LastSwiftMigration = 1130;
					};
				};
			};
			buildConfigurationList = 180A042023F5B5E8004C56C6 /* Build configuration list for PBXProject "Baskmart" */;
			compatibilityVersion = "Xcode 9.3";
			developmentRegion = en;
			hasScannedForEncodings = 0;
			knownRegions = (
				en,
				Base,
			);
			mainGroup = 180A041C23F5B5E8004C56C6;
			productRefGroup = 180A042723F5B5E8004C56C6 /* Products */;
			projectDirPath = "";
			projectRoot = "";
			targets = (
				180A042523F5B5E8004C56C6 /* Baskmart */,
			);
		};
/* End PBXProject section */

/* Begin PBXResourcesBuildPhase section */
		180A042423F5B5E8004C56C6 /* Resources */ = {
			isa = PBXResourcesBuildPhase;
			buildActionMask = 2147483647;
			files = (
			);
			runOnlyForDeploymentPostprocessing = 0;
		};
/* End PBXResourcesBuildPhase section */

/* Begin PBXSourcesBuildPhase section */
		180A042223F5B5E8004C56C6 /* Sources */ = {
			isa = PBXSourcesBuildPhase;
			buildActionMask = 2147483647;
			files = (
				180A043323F5B626004C56C6 /* Constants.swift in Sources */,
				18BD8A2D23FD09FB009E2BA5 /* ProductCategoryModel.swift in Sources */,
				18BD8A2F23FD0A5D009E2BA5 /* PaymentModel.swift in Sources */,
				18BD8A3523FD0A76009E2BA5 /* ProductsModel.swift in Sources */,
				18BD8A2523FD002B009E2BA5 /* SignUpModule.swift in Sources */,
				18BD8A4923FE4C1B009E2BA5 /* SlotModule.swift in Sources */,
				180A043D23F5C4BE004C56C6 /* Configuration.swift in Sources */,
				1868090323FFA9BC00EED435 /* MySubscriptionModule.swift in Sources */,
				18BD8A3123FD0A62009E2BA5 /* OrderSummaryModel.swift in Sources */,
				18BD8A2723FD0587009E2BA5 /* UserModule.swift in Sources */,
				18BD8A3923FD0A89009E2BA5 /* MySubscriptionModel.swift in Sources */,
				18BD8A4723FD270A009E2BA5 /* ProductModule.swift in Sources */,
				18BD8A5123FE86C3009E2BA5 /* OrderModule.swift in Sources */,
				18BD8A3B23FD0A8F009E2BA5 /* SubscriptionModel.swift in Sources */,
				180A043B23F5C3BC004C56C6 /* LoginModel.swift in Sources */,
				18BD8A2B23FD09E8009E2BA5 /* DeliveryModel.swift in Sources */,
				18BD8A3D23FD0AA0009E2BA5 /* SliderModel.swift in Sources */,
				18BD8A3723FD0A7C009E2BA5 /* CartModel.swift in Sources */,
				180A044A23F5CCA2004C56C6 /* LoginModule.swift in Sources */,
				180A043823F5B65E004C56C6 /* WebServiceWrapper.swift in Sources */,
				18BD8A4D23FE4C90009E2BA5 /* PaymentModule.swift in Sources */,
				1868090123FFA96F00EED435 /* SubscriptionModule.swift in Sources */,
				180A043523F5B62C004C56C6 /* Functions.swift in Sources */,
				18BD8A4B23FE4C47009E2BA5 /* CartModule.swift in Sources */,
				18BD8A3323FD0A67009E2BA5 /* TrackOrderModel.swift in Sources */,
				18BD8A3F23FD0BBA009E2BA5 /* CustomerPaymentModel.swift in Sources */,
				180A044723F5CBF7004C56C6 /* BaskmartApi.swift in Sources */,
			);
			runOnlyForDeploymentPostprocessing = 0;
		};
/* End PBXSourcesBuildPhase section */

/* Begin XCBuildConfiguration section */
		180A042C23F5B5E8004C56C6 /* Debug */ = {
			isa = XCBuildConfiguration;
			buildSettings = {
				ALWAYS_SEARCH_USER_PATHS = NO;
				CLANG_ANALYZER_NONNULL = YES;
				CLANG_ANALYZER_NUMBER_OBJECT_CONVERSION = YES_AGGRESSIVE;
				CLANG_CXX_LANGUAGE_STANDARD = "gnu++14";
				CLANG_CXX_LIBRARY = "libc++";
				CLANG_ENABLE_MODULES = YES;
				CLANG_ENABLE_OBJC_ARC = YES;
				CLANG_ENABLE_OBJC_WEAK = YES;
				CLANG_WARN_BLOCK_CAPTURE_AUTORELEASING = YES;
				CLANG_WARN_BOOL_CONVERSION = YES;
				CLANG_WARN_COMMA = YES;
				CLANG_WARN_CONSTANT_CONVERSION = YES;
				CLANG_WARN_DEPRECATED_OBJC_IMPLEMENTATIONS = YES;
				CLANG_WARN_DIRECT_OBJC_ISA_USAGE = YES_ERROR;
				CLANG_WARN_DOCUMENTATION_COMMENTS = YES;
				CLANG_WARN_EMPTY_BODY = YES;
				CLANG_WARN_ENUM_CONVERSION = YES;
				CLANG_WARN_INFINITE_RECURSION = YES;
				CLANG_WARN_INT_CONVERSION = YES;
				CLANG_WARN_NON_LITERAL_NULL_CONVERSION = YES;
				CLANG_WARN_OBJC_IMPLICIT_RETAIN_SELF = YES;
				CLANG_WARN_OBJC_LITERAL_CONVERSION = YES;
				CLANG_WARN_OBJC_ROOT_CLASS = YES_ERROR;
				CLANG_WARN_RANGE_LOOP_ANALYSIS = YES;
				CLANG_WARN_STRICT_PROTOTYPES = YES;
				CLANG_WARN_SUSPICIOUS_MOVE = YES;
				CLANG_WARN_UNGUARDED_AVAILABILITY = YES_AGGRESSIVE;
				CLANG_WARN_UNREACHABLE_CODE = YES;
				CLANG_WARN__DUPLICATE_METHOD_MATCH = YES;
				COPY_PHASE_STRIP = NO;
				CURRENT_PROJECT_VERSION = 1;
				DEBUG_INFORMATION_FORMAT = dwarf;
				ENABLE_STRICT_OBJC_MSGSEND = YES;
				ENABLE_TESTABILITY = YES;
				GCC_C_LANGUAGE_STANDARD = gnu11;
				GCC_DYNAMIC_NO_PIC = NO;
				GCC_NO_COMMON_BLOCKS = YES;
				GCC_OPTIMIZATION_LEVEL = 0;
				GCC_PREPROCESSOR_DEFINITIONS = (
					"DEBUG=1",
					"$(inherited)",
				);
				GCC_WARN_64_TO_32_BIT_CONVERSION = YES;
				GCC_WARN_ABOUT_RETURN_TYPE = YES_ERROR;
				GCC_WARN_UNDECLARED_SELECTOR = YES;
				GCC_WARN_UNINITIALIZED_AUTOS = YES_AGGRESSIVE;
				GCC_WARN_UNUSED_FUNCTION = YES;
				GCC_WARN_UNUSED_VARIABLE = YES;
				IPHONEOS_DEPLOYMENT_TARGET = 11.4;
				MTL_ENABLE_DEBUG_INFO = INCLUDE_SOURCE;
				MTL_FAST_MATH = YES;
				ONLY_ACTIVE_ARCH = YES;
				SDKROOT = iphoneos;
				SWIFT_ACTIVE_COMPILATION_CONDITIONS = DEBUG;
				SWIFT_OPTIMIZATION_LEVEL = "-Onone";
				VERSIONING_SYSTEM = "apple-generic";
				VERSION_INFO_PREFIX = "";
			};
			name = Debug;
		};
		180A042D23F5B5E8004C56C6 /* Release */ = {
			isa = XCBuildConfiguration;
			buildSettings = {
				ALWAYS_SEARCH_USER_PATHS = NO;
				CLANG_ANALYZER_NONNULL = YES;
				CLANG_ANALYZER_NUMBER_OBJECT_CONVERSION = YES_AGGRESSIVE;
				CLANG_CXX_LANGUAGE_STANDARD = "gnu++14";
				CLANG_CXX_LIBRARY = "libc++";
				CLANG_ENABLE_MODULES = YES;
				CLANG_ENABLE_OBJC_ARC = YES;
				CLANG_ENABLE_OBJC_WEAK = YES;
				CLANG_WARN_BLOCK_CAPTURE_AUTORELEASING = YES;
				CLANG_WARN_BOOL_CONVERSION = YES;
				CLANG_WARN_COMMA = YES;
				CLANG_WARN_CONSTANT_CONVERSION = YES;
				CLANG_WARN_DEPRECATED_OBJC_IMPLEMENTATIONS = YES;
				CLANG_WARN_DIRECT_OBJC_ISA_USAGE = YES_ERROR;
				CLANG_WARN_DOCUMENTATION_COMMENTS = YES;
				CLANG_WARN_EMPTY_BODY = YES;
				CLANG_WARN_ENUM_CONVERSION = YES;
				CLANG_WARN_INFINITE_RECURSION = YES;
				CLANG_WARN_INT_CONVERSION = YES;
				CLANG_WARN_NON_LITERAL_NULL_CONVERSION = YES;
				CLANG_WARN_OBJC_IMPLICIT_RETAIN_SELF = YES;
				CLANG_WARN_OBJC_LITERAL_CONVERSION = YES;
				CLANG_WARN_OBJC_ROOT_CLASS = YES_ERROR;
				CLANG_WARN_RANGE_LOOP_ANALYSIS = YES;
				CLANG_WARN_STRICT_PROTOTYPES = YES;
				CLANG_WARN_SUSPICIOUS_MOVE = YES;
				CLANG_WARN_UNGUARDED_AVAILABILITY = YES_AGGRESSIVE;
				CLANG_WARN_UNREACHABLE_CODE = YES;
				CLANG_WARN__DUPLICATE_METHOD_MATCH = YES;
				COPY_PHASE_STRIP = NO;
				CURRENT_PROJECT_VERSION = 1;
				DEBUG_INFORMATION_FORMAT = "dwarf-with-dsym";
				ENABLE_NS_ASSERTIONS = NO;
				ENABLE_STRICT_OBJC_MSGSEND = YES;
				GCC_C_LANGUAGE_STANDARD = gnu11;
				GCC_NO_COMMON_BLOCKS = YES;
				GCC_WARN_64_TO_32_BIT_CONVERSION = YES;
				GCC_WARN_ABOUT_RETURN_TYPE = YES_ERROR;
				GCC_WARN_UNDECLARED_SELECTOR = YES;
				GCC_WARN_UNINITIALIZED_AUTOS = YES_AGGRESSIVE;
				GCC_WARN_UNUSED_FUNCTION = YES;
				GCC_WARN_UNUSED_VARIABLE = YES;
				IPHONEOS_DEPLOYMENT_TARGET = 11.4;
				MTL_ENABLE_DEBUG_INFO = NO;
				MTL_FAST_MATH = YES;
				SDKROOT = iphoneos;
				SWIFT_COMPILATION_MODE = wholemodule;
				SWIFT_OPTIMIZATION_LEVEL = "-O";
				VALIDATE_PRODUCT = YES;
				VERSIONING_SYSTEM = "apple-generic";
				VERSION_INFO_PREFIX = "";
			};
			name = Release;
		};
		180A042F23F5B5E8004C56C6 /* Debug */ = {
			isa = XCBuildConfiguration;
			buildSettings = {
				CLANG_ENABLE_MODULES = YES;
				CODE_SIGN_STYLE = Automatic;
				DEFINES_MODULE = YES;
				DEVELOPMENT_TEAM = HKFNV2JRF8;
				DYLIB_COMPATIBILITY_VERSION = 1;
				DYLIB_CURRENT_VERSION = 1;
				DYLIB_INSTALL_NAME_BASE = "@rpath";
				INFOPLIST_FILE = Baskmart/Info.plist;
				INSTALL_PATH = "$(LOCAL_LIBRARY_DIR)/Frameworks";
				LD_RUNPATH_SEARCH_PATHS = (
					"$(inherited)",
					"@executable_path/Frameworks",
					"@loader_path/Frameworks",
				);
				PRODUCT_BUNDLE_IDENTIFIER = com.zuper.Baskmart;
				PRODUCT_NAME = "$(TARGET_NAME:c99extidentifier)";
				SKIP_INSTALL = YES;
				SWIFT_OPTIMIZATION_LEVEL = "-Onone";
				SWIFT_VERSION = 5.0;
				TARGETED_DEVICE_FAMILY = "1,2";
			};
			name = Debug;
		};
		180A043023F5B5E8004C56C6 /* Release */ = {
			isa = XCBuildConfiguration;
			buildSettings = {
				CLANG_ENABLE_MODULES = YES;
				CODE_SIGN_STYLE = Automatic;
				DEFINES_MODULE = YES;
				DEVELOPMENT_TEAM = HKFNV2JRF8;
				DYLIB_COMPATIBILITY_VERSION = 1;
				DYLIB_CURRENT_VERSION = 1;
				DYLIB_INSTALL_NAME_BASE = "@rpath";
				INFOPLIST_FILE = Baskmart/Info.plist;
				INSTALL_PATH = "$(LOCAL_LIBRARY_DIR)/Frameworks";
				LD_RUNPATH_SEARCH_PATHS = (
					"$(inherited)",
					"@executable_path/Frameworks",
					"@loader_path/Frameworks",
				);
				PRODUCT_BUNDLE_IDENTIFIER = com.zuper.Baskmart;
				PRODUCT_NAME = "$(TARGET_NAME:c99extidentifier)";
				SKIP_INSTALL = YES;
				SWIFT_VERSION = 5.0;
				TARGETED_DEVICE_FAMILY = "1,2";
			};
			name = Release;
		};
/* End XCBuildConfiguration section */

/* Begin XCConfigurationList section */
		180A042023F5B5E8004C56C6 /* Build configuration list for PBXProject "Baskmart" */ = {
			isa = XCConfigurationList;
			buildConfigurations = (
				180A042C23F5B5E8004C56C6 /* Debug */,
				180A042D23F5B5E8004C56C6 /* Release */,
			);
			defaultConfigurationIsVisible = 0;
			defaultConfigurationName = Release;
		};
		180A042E23F5B5E8004C56C6 /* Build configuration list for PBXNativeTarget "Baskmart" */ = {
			isa = XCConfigurationList;
			buildConfigurations = (
				180A042F23F5B5E8004C56C6 /* Debug */,
				180A043023F5B5E8004C56C6 /* Release */,
			);
			defaultConfigurationIsVisible = 0;
			defaultConfigurationName = Release;
		};
/* End XCConfigurationList section */
	};
	rootObject = 180A041D23F5B5E8004C56C6 /* Project object */;
}
